
Microsoft Visual Studio Solution File, Format Version 12.00
# Visual Studio Version 16
VisualStudioVersion = 16.0.29728.190
MinimumVisualStudioVersion = 10.0.40219.1
Project("{FAE04EC0-301F-11D3-BF4B-00C04F79EFBC}") = "Euler6", "Euler6\Euler6.csproj", "{93382B1D-7AC4-464A-9F85-1B3E2DF2B819}"
EndProject
Global
	GlobalSection(SolutionConfigurationPlatforms) = preSolution
		Debug|Any CPU = Debug|Any CPU
		Release|Any CPU = Release|Any CPU
	EndGlobalSection
	GlobalSection(ProjectConfigurationPlatforms) = postSolution
		{93382B1D-7AC4-464A-9F85-1B3E2DF2B819}.Debug|Any CPU.ActiveCfg = Debug|Any CPU
		{93382B1D-7AC4-464A-9F85-1B3E2DF2B819}.Debug|Any CPU.Build.0 = Debug|Any CPU
		{93382B1D-7AC4-464A-9F85-1B3E2DF2B819}.Release|Any CPU.ActiveCfg = Release|Any CPU
		{93382B1D-7AC4-464A-9F85-1B3E2DF2B819}.Release|Any CPU.Build.0 = Release|Any CPU
	EndGlobalSection
	GlobalSection(SolutionProperties) = preSolution
		HideSolutionNode = FALSE
	EndGlobalSection
	GlobalSection(ExtensibilityGlobals) = postSolution
		SolutionGuid = {8D0C22F5-B5DE-423A-9A2E-EFABB933CC35}
	EndGlobalSection
EndGlobal
